
Microsoft Visual Studio Solution File, Format Version 12.00
# Visual Studio Version 17
VisualStudioVersion = 17.11.35222.181
MinimumVisualStudioVersion = 10.0.40219.1
Project("{FAE04EC0-301F-11D3-BF4B-00C04F79EFBC}") = "Lez_03_06_Atrazione", "Lez_03_06_Atrazione\Lez_03_06_Atrazione.csproj", "{DCDFA142-A0C4-41FB-AC5D-C2E600B2C2E1}"
EndProject
Global
	GlobalSection(SolutionConfigurationPlatforms) = preSolution
		Debug|Any CPU = Debug|Any CPU
		Release|Any CPU = Release|Any CPU
	EndGlobalSection
	GlobalSection(ProjectConfigurationPlatforms) = postSolution
		{DCDFA142-A0C4-41FB-AC5D-C2E600B2C2E1}.Debug|Any CPU.ActiveCfg = Debug|Any CPU
		{DCDFA142-A0C4-41FB-AC5D-C2E600B2C2E1}.Debug|Any CPU.Build.0 = Debug|Any CPU
		{DCDFA142-A0C4-41FB-AC5D-C2E600B2C2E1}.Release|Any CPU.ActiveCfg = Release|Any CPU
		{DCDFA142-A0C4-41FB-AC5D-C2E600B2C2E1}.Release|Any CPU.Build.0 = Release|Any CPU
	EndGlobalSection
	GlobalSection(SolutionProperties) = preSolution
		HideSolutionNode = FALSE
	EndGlobalSection
	GlobalSection(ExtensibilityGlobals) = postSolution
		SolutionGuid = {60D3C088-B515-4F8A-B532-36CF72326722}
	EndGlobalSection
EndGlobal
