
Microsoft Visual Studio Solution File, Format Version 12.00
# Visual Studio Version 17
VisualStudioVersion = 17.11.35222.181
MinimumVisualStudioVersion = 10.0.40219.1
Project("{FAE04EC0-301F-11D3-BF4B-00C04F79EFBC}") = "Esercitazione 1 sett", "Esercitazione 1 sett\Esercitazione 1 sett.csproj", "{E158E42B-CAEA-427D-80BD-70F8FF37FA68}"
EndProject
Global
	GlobalSection(SolutionConfigurationPlatforms) = preSolution
		Debug|Any CPU = Debug|Any CPU
		Release|Any CPU = Release|Any CPU
	EndGlobalSection
	GlobalSection(ProjectConfigurationPlatforms) = postSolution
		{E158E42B-CAEA-427D-80BD-70F8FF37FA68}.Debug|Any CPU.ActiveCfg = Debug|Any CPU
		{E158E42B-CAEA-427D-80BD-70F8FF37FA68}.Debug|Any CPU.Build.0 = Debug|Any CPU
		{E158E42B-CAEA-427D-80BD-70F8FF37FA68}.Release|Any CPU.ActiveCfg = Release|Any CPU
		{E158E42B-CAEA-427D-80BD-70F8FF37FA68}.Release|Any CPU.Build.0 = Release|Any CPU
	EndGlobalSection
	GlobalSection(SolutionProperties) = preSolution
		HideSolutionNode = FALSE
	EndGlobalSection
	GlobalSection(ExtensibilityGlobals) = postSolution
		SolutionGuid = {562A15F4-1B81-423B-BC8B-3E3F5C39F605}
	EndGlobalSection
EndGlobal
