
Microsoft Visual Studio Solution File, Format Version 12.00
# Visual Studio Version 17
VisualStudioVersion = 17.11.35222.181
MinimumVisualStudioVersion = 10.0.40219.1
Project("{FAE04EC0-301F-11D3-BF4B-00C04F79EFBC}") = "Lez04_02_Composizioni", "Lez04_02_Composizioni\Lez04_02_Composizioni.csproj", "{03E8D4E0-5A63-4BB8-B439-9DE1F9CDCB25}"
EndProject
Global
	GlobalSection(SolutionConfigurationPlatforms) = preSolution
		Debug|Any CPU = Debug|Any CPU
		Release|Any CPU = Release|Any CPU
	EndGlobalSection
	GlobalSection(ProjectConfigurationPlatforms) = postSolution
		{03E8D4E0-5A63-4BB8-B439-9DE1F9CDCB25}.Debug|Any CPU.ActiveCfg = Debug|Any CPU
		{03E8D4E0-5A63-4BB8-B439-9DE1F9CDCB25}.Debug|Any CPU.Build.0 = Debug|Any CPU
		{03E8D4E0-5A63-4BB8-B439-9DE1F9CDCB25}.Release|Any CPU.ActiveCfg = Release|Any CPU
		{03E8D4E0-5A63-4BB8-B439-9DE1F9CDCB25}.Release|Any CPU.Build.0 = Release|Any CPU
	EndGlobalSection
	GlobalSection(SolutionProperties) = preSolution
		HideSolutionNode = FALSE
	EndGlobalSection
	GlobalSection(ExtensibilityGlobals) = postSolution
		SolutionGuid = {655833EB-1CE6-492A-9C9D-512D4FA49723}
	EndGlobalSection
EndGlobal
