
Microsoft Visual Studio Solution File, Format Version 12.00
# Visual Studio Version 17
VisualStudioVersion = 17.11.35222.181
MinimumVisualStudioVersion = 10.0.40219.1
Project("{FAE04EC0-301F-11D3-BF4B-00C04F79EFBC}") = "Lez02_04_ContenitoriComplessi", "Lez02_04_ContenitoriComplessi\Lez02_04_ContenitoriComplessi.csproj", "{159CE780-AEB3-4033-B1C5-E4DD2CC45A4E}"
EndProject
Global
	GlobalSection(SolutionConfigurationPlatforms) = preSolution
		Debug|Any CPU = Debug|Any CPU
		Release|Any CPU = Release|Any CPU
	EndGlobalSection
	GlobalSection(ProjectConfigurationPlatforms) = postSolution
		{159CE780-AEB3-4033-B1C5-E4DD2CC45A4E}.Debug|Any CPU.ActiveCfg = Debug|Any CPU
		{159CE780-AEB3-4033-B1C5-E4DD2CC45A4E}.Debug|Any CPU.Build.0 = Debug|Any CPU
		{159CE780-AEB3-4033-B1C5-E4DD2CC45A4E}.Release|Any CPU.ActiveCfg = Release|Any CPU
		{159CE780-AEB3-4033-B1C5-E4DD2CC45A4E}.Release|Any CPU.Build.0 = Release|Any CPU
	EndGlobalSection
	GlobalSection(SolutionProperties) = preSolution
		HideSolutionNode = FALSE
	EndGlobalSection
	GlobalSection(ExtensibilityGlobals) = postSolution
		SolutionGuid = {CD48E92C-02E0-43AA-870A-BD8DA67D6B54}
	EndGlobalSection
EndGlobal
