
Microsoft Visual Studio Solution File, Format Version 12.00
# Visual Studio Version 17
VisualStudioVersion = 17.11.35222.181
MinimumVisualStudioVersion = 10.0.40219.1
Project("{FAE04EC0-301F-11D3-BF4B-00C04F79EFBC}") = "Lez01_07_Input_Utente", "Lez01_07_Input_Utente\Lez01_07_Input_Utente.csproj", "{3D358035-053F-4A4E-BE4A-1D05051D7E4B}"
EndProject
Global
	GlobalSection(SolutionConfigurationPlatforms) = preSolution
		Debug|Any CPU = Debug|Any CPU
		Release|Any CPU = Release|Any CPU
	EndGlobalSection
	GlobalSection(ProjectConfigurationPlatforms) = postSolution
		{3D358035-053F-4A4E-BE4A-1D05051D7E4B}.Debug|Any CPU.ActiveCfg = Debug|Any CPU
		{3D358035-053F-4A4E-BE4A-1D05051D7E4B}.Debug|Any CPU.Build.0 = Debug|Any CPU
		{3D358035-053F-4A4E-BE4A-1D05051D7E4B}.Release|Any CPU.ActiveCfg = Release|Any CPU
		{3D358035-053F-4A4E-BE4A-1D05051D7E4B}.Release|Any CPU.Build.0 = Release|Any CPU
	EndGlobalSection
	GlobalSection(SolutionProperties) = preSolution
		HideSolutionNode = FALSE
	EndGlobalSection
	GlobalSection(ExtensibilityGlobals) = postSolution
		SolutionGuid = {5E011158-237A-472C-B930-002D40146103}
	EndGlobalSection
EndGlobal
